// !$*UTF8*$!
{
	archiveVersion = 1;
	classes = {
	};
	objectVersion = 50;
	objects = {

/* Begin PBXBuildFile section */
		E126862525835C2F009CF851 /* Millionaire_SwiftUIApp.swift in Sources */ = {isa = PBXBuildFile; fileRef = E126862425835C2F009CF851 /* Millionaire_SwiftUIApp.swift */; };
		E126862925835C33009CF851 /* Assets.xcassets in Resources */ = {isa = PBXBuildFile; fileRef = E126862825835C33009CF851 /* Assets.xcassets */; };
		E126862C25835C33009CF851 /* Preview Assets.xcassets in Resources */ = {isa = PBXBuildFile; fileRef = E126862B25835C33009CF851 /* Preview Assets.xcassets */; };
		E12686372583633A009CF851 /* AnswerTitle.swift in Sources */ = {isa = PBXBuildFile; fileRef = E12686362583633A009CF851 /* AnswerTitle.swift */; };
		E148B38E258C846400D8656C /* VictoryView.swift in Sources */ = {isa = PBXBuildFile; fileRef = E148B38D258C846400D8656C /* VictoryView.swift */; };
		E18FDC71258393C90060F20F /* Question.swift in Sources */ = {isa = PBXBuildFile; fileRef = E18FDC70258393C90060F20F /* Question.swift */; };
		E18FDC7425839A290060F20F /* GameViewModel.swift in Sources */ = {isa = PBXBuildFile; fileRef = E18FDC7325839A290060F20F /* GameViewModel.swift */; };
		E18FDC83258889A10060F20F /* MainMenuView.swift in Sources */ = {isa = PBXBuildFile; fileRef = E18FDC82258889A10060F20F /* MainMenuView.swift */; };
		E18FDC8825889A940060F20F /* XDismissButton.swift in Sources */ = {isa = PBXBuildFile; fileRef = E18FDC8725889A930060F20F /* XDismissButton.swift */; };
		E18FDC8C2588A2D40060F20F /* SettingButton.swift in Sources */ = {isa = PBXBuildFile; fileRef = E18FDC8B2588A2D40060F20F /* SettingButton.swift */; };
		E18FDC8F2588AA4F0060F20F /* SettingsView.swift in Sources */ = {isa = PBXBuildFile; fileRef = E18FDC8E2588AA4F0060F20F /* SettingsView.swift */; };
		E18FDC932588D7770060F20F /* MainMenuViewModel.swift in Sources */ = {isa = PBXBuildFile; fileRef = E18FDC922588D7770060F20F /* MainMenuViewModel.swift */; };
		E18FDC9B258A2E460060F20F /* StartButton.swift in Sources */ = {isa = PBXBuildFile; fileRef = E18FDC9A258A2E460060F20F /* StartButton.swift */; };
		E18FDCA2258B6AD40060F20F /* ResultsButton.swift in Sources */ = {isa = PBXBuildFile; fileRef = E18FDCA1258B6AD40060F20F /* ResultsButton.swift */; };
		E18FDCA5258B6BD90060F20F /* ResultsView.swift in Sources */ = {isa = PBXBuildFile; fileRef = E18FDCA4258B6BD90060F20F /* ResultsView.swift */; };
		E18FDCA8258B79880060F20F /* Results.swift in Sources */ = {isa = PBXBuildFile; fileRef = E18FDCA7258B79880060F20F /* Results.swift */; };
		E18FDCAC258B7A5E0060F20F /* ResultTitleView.swift in Sources */ = {isa = PBXBuildFile; fileRef = E18FDCAB258B7A5E0060F20F /* ResultTitleView.swift */; };
		E1A424D4258CC46A00856CE9 /* LossView.swift in Sources */ = {isa = PBXBuildFile; fileRef = E1A424D3258CC46A00856CE9 /* LossView.swift */; };
		E1A424DA258CE51700856CE9 /* ResultsCaretaker.swift in Sources */ = {isa = PBXBuildFile; fileRef = E1A424D9258CE51700856CE9 /* ResultsCaretaker.swift */; };
		E1A424DE258CE83600856CE9 /* ResultsViewModel.swift in Sources */ = {isa = PBXBuildFile; fileRef = E1A424DD258CE83600856CE9 /* ResultsViewModel.swift */; };
		E1A424E4258CF13200856CE9 /* GameView.swift in Sources */ = {isa = PBXBuildFile; fileRef = E1A424E3258CF13200856CE9 /* GameView.swift */; };
/* End PBXBuildFile section */

/* Begin PBXFileReference section */
		E126862125835C2F009CF851 /* Millionaire-SwiftUI.app */ = {isa = PBXFileReference; explicitFileType = wrapper.application; includeInIndex = 0; path = "Millionaire-SwiftUI.app"; sourceTree = BUILT_PRODUCTS_DIR; };
		E126862425835C2F009CF851 /* Millionaire_SwiftUIApp.swift */ = {isa = PBXFileReference; lastKnownFileType = sourcecode.swift; path = Millionaire_SwiftUIApp.swift; sourceTree = "<group>"; };
		E126862825835C33009CF851 /* Assets.xcassets */ = {isa = PBXFileReference; lastKnownFileType = folder.assetcatalog; path = Assets.xcassets; sourceTree = "<group>"; };
		E126862B25835C33009CF851 /* Preview Assets.xcassets */ = {isa = PBXFileReference; lastKnownFileType = folder.assetcatalog; path = "Preview Assets.xcassets"; sourceTree = "<group>"; };
		E126862D25835C33009CF851 /* Info.plist */ = {isa = PBXFileReference; lastKnownFileType = text.plist.xml; path = Info.plist; sourceTree = "<group>"; };
		E12686362583633A009CF851 /* AnswerTitle.swift */ = {isa = PBXFileReference; lastKnownFileType = sourcecode.swift; path = AnswerTitle.swift; sourceTree = "<group>"; };
		E148B38D258C846400D8656C /* VictoryView.swift */ = {isa = PBXFileReference; lastKnownFileType = sourcecode.swift; path = VictoryView.swift; sourceTree = "<group>"; };
		E18FDC70258393C90060F20F /* Question.swift */ = {isa = PBXFileReference; lastKnownFileType = sourcecode.swift; path = Question.swift; sourceTree = "<group>"; };
		E18FDC7325839A290060F20F /* GameViewModel.swift */ = {isa = PBXFileReference; lastKnownFileType = sourcecode.swift; path = GameViewModel.swift; sourceTree = "<group>"; };
		E18FDC82258889A10060F20F /* MainMenuView.swift */ = {isa = PBXFileReference; lastKnownFileType = sourcecode.swift; path = MainMenuView.swift; sourceTree = "<group>"; };
		E18FDC8725889A930060F20F /* XDismissButton.swift */ = {isa = PBXFileReference; lastKnownFileType = sourcecode.swift; path = XDismissButton.swift; sourceTree = "<group>"; };
		E18FDC8B2588A2D40060F20F /* SettingButton.swift */ = {isa = PBXFileReference; lastKnownFileType = sourcecode.swift; path = SettingButton.swift; sourceTree = "<group>"; };
		E18FDC8E2588AA4F0060F20F /* SettingsView.swift */ = {isa = PBXFileReference; lastKnownFileType = sourcecode.swift; path = SettingsView.swift; sourceTree = "<group>"; };
		E18FDC922588D7770060F20F /* MainMenuViewModel.swift */ = {isa = PBXFileReference; lastKnownFileType = sourcecode.swift; path = MainMenuViewModel.swift; sourceTree = "<group>"; };
		E18FDC9A258A2E460060F20F /* StartButton.swift */ = {isa = PBXFileReference; lastKnownFileType = sourcecode.swift; path = StartButton.swift; sourceTree = "<group>"; };
		E18FDCA1258B6AD40060F20F /* ResultsButton.swift */ = {isa = PBXFileReference; lastKnownFileType = sourcecode.swift; path = ResultsButton.swift; sourceTree = "<group>"; };
		E18FDCA4258B6BD90060F20F /* ResultsView.swift */ = {isa = PBXFileReference; lastKnownFileType = sourcecode.swift; path = ResultsView.swift; sourceTree = "<group>"; };
		E18FDCA7258B79880060F20F /* Results.swift */ = {isa = PBXFileReference; lastKnownFileType = sourcecode.swift; path = Results.swift; sourceTree = "<group>"; };
		E18FDCAB258B7A5E0060F20F /* ResultTitleView.swift */ = {isa = PBXFileReference; lastKnownFileType = sourcecode.swift; path = ResultTitleView.swift; sourceTree = "<group>"; };
		E1A424D3258CC46A00856CE9 /* LossView.swift */ = {isa = PBXFileReference; lastKnownFileType = sourcecode.swift; path = LossView.swift; sourceTree = "<group>"; };
		E1A424D9258CE51700856CE9 /* ResultsCaretaker.swift */ = {isa = PBXFileReference; lastKnownFileType = sourcecode.swift; path = ResultsCaretaker.swift; sourceTree = "<group>"; };
		E1A424DD258CE83600856CE9 /* ResultsViewModel.swift */ = {isa = PBXFileReference; lastKnownFileType = sourcecode.swift; path = ResultsViewModel.swift; sourceTree = "<group>"; };
		E1A424E3258CF13200856CE9 /* GameView.swift */ = {isa = PBXFileReference; lastKnownFileType = sourcecode.swift; path = GameView.swift; sourceTree = "<group>"; };
/* End PBXFileReference section */

/* Begin PBXFrameworksBuildPhase section */
		E126861E25835C2F009CF851 /* Frameworks */ = {
			isa = PBXFrameworksBuildPhase;
			buildActionMask = 2147483647;
			files = (
			);
			runOnlyForDeploymentPostprocessing = 0;
		};
/* End PBXFrameworksBuildPhase section */

/* Begin PBXGroup section */
		E126861825835C2F009CF851 = {
			isa = PBXGroup;
			children = (
				E126862325835C2F009CF851 /* Millionaire-SwiftUI */,
				E126862225835C2F009CF851 /* Products */,
			);
			sourceTree = "<group>";
		};
		E126862225835C2F009CF851 /* Products */ = {
			isa = PBXGroup;
			children = (
				E126862125835C2F009CF851 /* Millionaire-SwiftUI.app */,
			);
			name = Products;
			sourceTree = "<group>";
		};
		E126862325835C2F009CF851 /* Millionaire-SwiftUI */ = {
			isa = PBXGroup;
			children = (
				E1A424D8258CE40C00856CE9 /* Momento */,
				E18FDC7D258888FB0060F20F /* Models+Data */,
				E18FDCAA258B7A1D0060F20F /* Results */,
				E18FDC8625889A5F0060F20F /* Settings */,
				E18FDC81258889700060F20F /* Main Menu */,
				E18FDC7B2588889A0060F20F /* Game */,
				E18FDC7E258889410060F20F /* Support */,
				E126862D25835C33009CF851 /* Info.plist */,
				E126862A25835C33009CF851 /* Preview Content */,
			);
			path = "Millionaire-SwiftUI";
			sourceTree = "<group>";
		};
		E126862A25835C33009CF851 /* Preview Content */ = {
			isa = PBXGroup;
			children = (
				E126862B25835C33009CF851 /* Preview Assets.xcassets */,
			);
			path = "Preview Content";
			sourceTree = "<group>";
		};
		E18FDC7B2588889A0060F20F /* Game */ = {
			isa = PBXGroup;
			children = (
				E18FDC7325839A290060F20F /* GameViewModel.swift */,
				E1A424E3258CF13200856CE9 /* GameView.swift */,
				E148B38D258C846400D8656C /* VictoryView.swift */,
				E1A424D3258CC46A00856CE9 /* LossView.swift */,
				E12686362583633A009CF851 /* AnswerTitle.swift */,
			);
			path = Game;
			sourceTree = "<group>";
		};
		E18FDC7D258888FB0060F20F /* Models+Data */ = {
			isa = PBXGroup;
			children = (
				E18FDC70258393C90060F20F /* Question.swift */,
				E18FDCA7258B79880060F20F /* Results.swift */,
			);
			path = "Models+Data";
			sourceTree = "<group>";
		};
		E18FDC7E258889410060F20F /* Support */ = {
			isa = PBXGroup;
			children = (
				E126862425835C2F009CF851 /* Millionaire_SwiftUIApp.swift */,
				E126862825835C33009CF851 /* Assets.xcassets */,
			);
			path = Support;
			sourceTree = "<group>";
		};
		E18FDC81258889700060F20F /* Main Menu */ = {
			isa = PBXGroup;
			children = (
				E18FDC922588D7770060F20F /* MainMenuViewModel.swift */,
				E18FDC82258889A10060F20F /* MainMenuView.swift */,
				E18FDC9A258A2E460060F20F /* StartButton.swift */,
				E18FDC8B2588A2D40060F20F /* SettingButton.swift */,
			);
			path = "Main Menu";
			sourceTree = "<group>";
		};
		E18FDC8625889A5F0060F20F /* Settings */ = {
			isa = PBXGroup;
			children = (
				E18FDC8E2588AA4F0060F20F /* SettingsView.swift */,
				E18FDC8725889A930060F20F /* XDismissButton.swift */,
			);
			path = Settings;
			sourceTree = "<group>";
		};
		E18FDCAA258B7A1D0060F20F /* Results */ = {
			isa = PBXGroup;
			children = (
				E1A424DD258CE83600856CE9 /* ResultsViewModel.swift */,
				E18FDCA4258B6BD90060F20F /* ResultsView.swift */,
				E18FDCA1258B6AD40060F20F /* ResultsButton.swift */,
				E18FDCAB258B7A5E0060F20F /* ResultTitleView.swift */,
			);
			path = Results;
			sourceTree = "<group>";
		};
		E1A424D8258CE40C00856CE9 /* Momento */ = {
			isa = PBXGroup;
			children = (
				E1A424D9258CE51700856CE9 /* ResultsCaretaker.swift */,
			);
			path = Momento;
			sourceTree = "<group>";
		};
/* End PBXGroup section */

/* Begin PBXNativeTarget section */
		E126862025835C2F009CF851 /* Millionaire-SwiftUI */ = {
			isa = PBXNativeTarget;
			buildConfigurationList = E126863025835C33009CF851 /* Build configuration list for PBXNativeTarget "Millionaire-SwiftUI" */;
			buildPhases = (
				E126861D25835C2F009CF851 /* Sources */,
				E126861E25835C2F009CF851 /* Frameworks */,
				E126861F25835C2F009CF851 /* Resources */,
			);
			buildRules = (
			);
			dependencies = (
			);
			name = "Millionaire-SwiftUI";
			productName = "Millionaire-SwiftUI";
			productReference = E126862125835C2F009CF851 /* Millionaire-SwiftUI.app */;
			productType = "com.apple.product-type.application";
		};
/* End PBXNativeTarget section */

/* Begin PBXProject section */
		E126861925835C2F009CF851 /* Project object */ = {
			isa = PBXProject;
			attributes = {
				LastSwiftUpdateCheck = 1210;
				LastUpgradeCheck = 1210;
				TargetAttributes = {
					E126862025835C2F009CF851 = {
						CreatedOnToolsVersion = 12.1;
					};
				};
			};
			buildConfigurationList = E126861C25835C2F009CF851 /* Build configuration list for PBXProject "Millionaire-SwiftUI" */;
			compatibilityVersion = "Xcode 9.3";
			developmentRegion = en;
			hasScannedForEncodings = 0;
			knownRegions = (
				en,
				Base,
			);
			mainGroup = E126861825835C2F009CF851;
			productRefGroup = E126862225835C2F009CF851 /* Products */;
			projectDirPath = "";
			projectRoot = "";
			targets = (
				E126862025835C2F009CF851 /* Millionaire-SwiftUI */,
			);
		};
/* End PBXProject section */

/* Begin PBXResourcesBuildPhase section */
		E126861F25835C2F009CF851 /* Resources */ = {
			isa = PBXResourcesBuildPhase;
			buildActionMask = 2147483647;
			files = (
				E126862C25835C33009CF851 /* Preview Assets.xcassets in Resources */,
				E126862925835C33009CF851 /* Assets.xcassets in Resources */,
			);
			runOnlyForDeploymentPostprocessing = 0;
		};
/* End PBXResourcesBuildPhase section */

/* Begin PBXSourcesBuildPhase section */
		E126861D25835C2F009CF851 /* Sources */ = {
			isa = PBXSourcesBuildPhase;
			buildActionMask = 2147483647;
			files = (
				E18FDCAC258B7A5E0060F20F /* ResultTitleView.swift in Sources */,
				E18FDCA2258B6AD40060F20F /* ResultsButton.swift in Sources */,
				E1A424DE258CE83600856CE9 /* ResultsViewModel.swift in Sources */,
				E18FDC7425839A290060F20F /* GameViewModel.swift in Sources */,
				E1A424DA258CE51700856CE9 /* ResultsCaretaker.swift in Sources */,
				E18FDCA5258B6BD90060F20F /* ResultsView.swift in Sources */,
				E18FDC83258889A10060F20F /* MainMenuView.swift in Sources */,
				E18FDC8C2588A2D40060F20F /* SettingButton.swift in Sources */,
				E18FDC9B258A2E460060F20F /* StartButton.swift in Sources */,
				E148B38E258C846400D8656C /* VictoryView.swift in Sources */,
				E18FDC71258393C90060F20F /* Question.swift in Sources */,
				E18FDC8F2588AA4F0060F20F /* SettingsView.swift in Sources */,
				E126862525835C2F009CF851 /* Millionaire_SwiftUIApp.swift in Sources */,
				E1A424E4258CF13200856CE9 /* GameView.swift in Sources */,
				E18FDCA8258B79880060F20F /* Results.swift in Sources */,
				E18FDC932588D7770060F20F /* MainMenuViewModel.swift in Sources */,
				E12686372583633A009CF851 /* AnswerTitle.swift in Sources */,
				E18FDC8825889A940060F20F /* XDismissButton.swift in Sources */,
				E1A424D4258CC46A00856CE9 /* LossView.swift in Sources */,
			);
			runOnlyForDeploymentPostprocessing = 0;
		};
/* End PBXSourcesBuildPhase section */

/* Begin XCBuildConfiguration section */
		E126862E25835C33009CF851 /* Debug */ = {
			isa = XCBuildConfiguration;
			buildSettings = {
				ALWAYS_SEARCH_USER_PATHS = NO;
				CLANG_ANALYZER_NONNULL = YES;
				CLANG_ANALYZER_NUMBER_OBJECT_CONVERSION = YES_AGGRESSIVE;
				CLANG_CXX_LANGUAGE_STANDARD = "gnu++14";
				CLANG_CXX_LIBRARY = "libc++";
				CLANG_ENABLE_MODULES = YES;
				CLANG_ENABLE_OBJC_ARC = YES;
				CLANG_ENABLE_OBJC_WEAK = YES;
				CLANG_WARN_BLOCK_CAPTURE_AUTORELEASING = YES;
				CLANG_WARN_BOOL_CONVERSION = YES;
				CLANG_WARN_COMMA = YES;
				CLANG_WARN_CONSTANT_CONVERSION = YES;
				CLANG_WARN_DEPRECATED_OBJC_IMPLEMENTATIONS = YES;
				CLANG_WARN_DIRECT_OBJC_ISA_USAGE = YES_ERROR;
				CLANG_WARN_DOCUMENTATION_COMMENTS = YES;
				CLANG_WARN_EMPTY_BODY = YES;
				CLANG_WARN_ENUM_CONVERSION = YES;
				CLANG_WARN_INFINITE_RECURSION = YES;
				CLANG_WARN_INT_CONVERSION = YES;
				CLANG_WARN_NON_LITERAL_NULL_CONVERSION = YES;
				CLANG_WARN_OBJC_IMPLICIT_RETAIN_SELF = YES;
				CLANG_WARN_OBJC_LITERAL_CONVERSION = YES;
				CLANG_WARN_OBJC_ROOT_CLASS = YES_ERROR;
				CLANG_WARN_QUOTED_INCLUDE_IN_FRAMEWORK_HEADER = YES;
				CLANG_WARN_RANGE_LOOP_ANALYSIS = YES;
				CLANG_WARN_STRICT_PROTOTYPES = YES;
				CLANG_WARN_SUSPICIOUS_MOVE = YES;
				CLANG_WARN_UNGUARDED_AVAILABILITY = YES_AGGRESSIVE;
				CLANG_WARN_UNREACHABLE_CODE = YES;
				CLANG_WARN__DUPLICATE_METHOD_MATCH = YES;
				COPY_PHASE_STRIP = NO;
				DEBUG_INFORMATION_FORMAT = dwarf;
				ENABLE_STRICT_OBJC_MSGSEND = YES;
				ENABLE_TESTABILITY = YES;
				GCC_C_LANGUAGE_STANDARD = gnu11;
				GCC_DYNAMIC_NO_PIC = NO;
				GCC_NO_COMMON_BLOCKS = YES;
				GCC_OPTIMIZATION_LEVEL = 0;
				GCC_PREPROCESSOR_DEFINITIONS = (
					"DEBUG=1",
					"$(inherited)",
				);
				GCC_WARN_64_TO_32_BIT_CONVERSION = YES;
				GCC_WARN_ABOUT_RETURN_TYPE = YES_ERROR;
				GCC_WARN_UNDECLARED_SELECTOR = YES;
				GCC_WARN_UNINITIALIZED_AUTOS = YES_AGGRESSIVE;
				GCC_WARN_UNUSED_FUNCTION = YES;
				GCC_WARN_UNUSED_VARIABLE = YES;
				IPHONEOS_DEPLOYMENT_TARGET = 14.1;
				MTL_ENABLE_DEBUG_INFO = INCLUDE_SOURCE;
				MTL_FAST_MATH = YES;
				ONLY_ACTIVE_ARCH = YES;
				SDKROOT = iphoneos;
				SWIFT_ACTIVE_COMPILATION_CONDITIONS = DEBUG;
				SWIFT_OPTIMIZATION_LEVEL = "-Onone";
			};
			name = Debug;
		};
		E126862F25835C33009CF851 /* Release */ = {
			isa = XCBuildConfiguration;
			buildSettings = {
				ALWAYS_SEARCH_USER_PATHS = NO;
				CLANG_ANALYZER_NONNULL = YES;
				CLANG_ANALYZER_NUMBER_OBJECT_CONVERSION = YES_AGGRESSIVE;
				CLANG_CXX_LANGUAGE_STANDARD = "gnu++14";
				CLANG_CXX_LIBRARY = "libc++";
				CLANG_ENABLE_MODULES = YES;
				CLANG_ENABLE_OBJC_ARC = YES;
				CLANG_ENABLE_OBJC_WEAK = YES;
				CLANG_WARN_BLOCK_CAPTURE_AUTORELEASING = YES;
				CLANG_WARN_BOOL_CONVERSION = YES;
				CLANG_WARN_COMMA = YES;
				CLANG_WARN_CONSTANT_CONVERSION = YES;
				CLANG_WARN_DEPRECATED_OBJC_IMPLEMENTATIONS = YES;
				CLANG_WARN_DIRECT_OBJC_ISA_USAGE = YES_ERROR;
				CLANG_WARN_DOCUMENTATION_COMMENTS = YES;
				CLANG_WARN_EMPTY_BODY = YES;
				CLANG_WARN_ENUM_CONVERSION = YES;
				CLANG_WARN_INFINITE_RECURSION = YES;
				CLANG_WARN_INT_CONVERSION = YES;
				CLANG_WARN_NON_LITERAL_NULL_CONVERSION = YES;
				CLANG_WARN_OBJC_IMPLICIT_RETAIN_SELF = YES;
				CLANG_WARN_OBJC_LITERAL_CONVERSION = YES;
				CLANG_WARN_OBJC_ROOT_CLASS = YES_ERROR;
				CLANG_WARN_QUOTED_INCLUDE_IN_FRAMEWORK_HEADER = YES;
				CLANG_WARN_RANGE_LOOP_ANALYSIS = YES;
				CLANG_WARN_STRICT_PROTOTYPES = YES;
				CLANG_WARN_SUSPICIOUS_MOVE = YES;
				CLANG_WARN_UNGUARDED_AVAILABILITY = YES_AGGRESSIVE;
				CLANG_WARN_UNREACHABLE_CODE = YES;
				CLANG_WARN__DUPLICATE_METHOD_MATCH = YES;
				COPY_PHASE_STRIP = NO;
				DEBUG_INFORMATION_FORMAT = "dwarf-with-dsym";
				ENABLE_NS_ASSERTIONS = NO;
				ENABLE_STRICT_OBJC_MSGSEND = YES;
				GCC_C_LANGUAGE_STANDARD = gnu11;
				GCC_NO_COMMON_BLOCKS = YES;
				GCC_WARN_64_TO_32_BIT_CONVERSION = YES;
				GCC_WARN_ABOUT_RETURN_TYPE = YES_ERROR;
				GCC_WARN_UNDECLARED_SELECTOR = YES;
				GCC_WARN_UNINITIALIZED_AUTOS = YES_AGGRESSIVE;
				GCC_WARN_UNUSED_FUNCTION = YES;
				GCC_WARN_UNUSED_VARIABLE = YES;
				IPHONEOS_DEPLOYMENT_TARGET = 14.1;
				MTL_ENABLE_DEBUG_INFO = NO;
				MTL_FAST_MATH = YES;
				SDKROOT = iphoneos;
				SWIFT_COMPILATION_MODE = wholemodule;
				SWIFT_OPTIMIZATION_LEVEL = "-O";
				VALIDATE_PRODUCT = YES;
			};
			name = Release;
		};
		E126863125835C33009CF851 /* Debug */ = {
			isa = XCBuildConfiguration;
			buildSettings = {
				ASSETCATALOG_COMPILER_APPICON_NAME = AppIcon;
				ASSETCATALOG_COMPILER_GLOBAL_ACCENT_COLOR_NAME = AccentColor;
				CODE_SIGN_STYLE = Automatic;
				DEVELOPMENT_ASSET_PATHS = "\"Millionaire-SwiftUI/Preview Content\"";
				DEVELOPMENT_TEAM = 7U5XZ95AHH;
				ENABLE_PREVIEWS = YES;
				INFOPLIST_FILE = "Millionaire-SwiftUI/Info.plist";
				IPHONEOS_DEPLOYMENT_TARGET = 14.0;
				LD_RUNPATH_SEARCH_PATHS = (
					"$(inherited)",
					"@executable_path/Frameworks",
				);
				PRODUCT_BUNDLE_IDENTIFIER = "com.vitalyprosvetov.Millionaire-SwiftUI";
				PRODUCT_NAME = "$(TARGET_NAME)";
				SWIFT_VERSION = 5.0;
				TARGETED_DEVICE_FAMILY = "1,2";
			};
			name = Debug;
		};
		E126863225835C33009CF851 /* Release */ = {
			isa = XCBuildConfiguration;
			buildSettings = {
				ASSETCATALOG_COMPILER_APPICON_NAME = AppIcon;
				ASSETCATALOG_COMPILER_GLOBAL_ACCENT_COLOR_NAME = AccentColor;
				CODE_SIGN_STYLE = Automatic;
				DEVELOPMENT_ASSET_PATHS = "\"Millionaire-SwiftUI/Preview Content\"";
				DEVELOPMENT_TEAM = 7U5XZ95AHH;
				ENABLE_PREVIEWS = YES;
				INFOPLIST_FILE = "Millionaire-SwiftUI/Info.plist";
				IPHONEOS_DEPLOYMENT_TARGET = 14.0;
				LD_RUNPATH_SEARCH_PATHS = (
					"$(inherited)",
					"@executable_path/Frameworks",
				);
				PRODUCT_BUNDLE_IDENTIFIER = "com.vitalyprosvetov.Millionaire-SwiftUI";
				PRODUCT_NAME = "$(TARGET_NAME)";
				SWIFT_VERSION = 5.0;
				TARGETED_DEVICE_FAMILY = "1,2";
			};
			name = Release;
		};
/* End XCBuildConfiguration section */

/* Begin XCConfigurationList section */
		E126861C25835C2F009CF851 /* Build configuration list for PBXProject "Millionaire-SwiftUI" */ = {
			isa = XCConfigurationList;
			buildConfigurations = (
				E126862E25835C33009CF851 /* Debug */,
				E126862F25835C33009CF851 /* Release */,
			);
			defaultConfigurationIsVisible = 0;
			defaultConfigurationName = Release;
		};
		E126863025835C33009CF851 /* Build configuration list for PBXNativeTarget "Millionaire-SwiftUI" */ = {
			isa = XCConfigurationList;
			buildConfigurations = (
				E126863125835C33009CF851 /* Debug */,
				E126863225835C33009CF851 /* Release */,
			);
			defaultConfigurationIsVisible = 0;
			defaultConfigurationName = Release;
		};
/* End XCConfigurationList section */
	};
	rootObject = E126861925835C2F009CF851 /* Project object */;
}
